
Microsoft Visual Studio Solution File, Format Version 12.00
# Visual Studio 15
VisualStudioVersion = 15.0.28307.1000
MinimumVisualStudioVersion = 10.0.40219.1
Project("{8BC9CEB8-8B4A-11D0-8D11-00A0C91BC942}") = "image-segmentation-split-and-merge-quadtrees", "image-segmentation-split-and-merge-quadtrees.vcxproj", "{2366BDA1-AA02-415D-85E2-30BFD10FD10C}"
EndProject
Global
	GlobalSection(SolutionConfigurationPlatforms) = preSolution
		Debug|x64 = Debug|x64
		Debug|x86 = Debug|x86
		Release|x64 = Release|x64
		Release|x86 = Release|x86
	EndGlobalSection
	GlobalSection(ProjectConfigurationPlatforms) = postSolution
		{2366BDA1-AA02-415D-85E2-30BFD10FD10C}.Debug|x64.ActiveCfg = Debug|x64
		{2366BDA1-AA02-415D-85E2-30BFD10FD10C}.Debug|x64.Build.0 = Debug|x64
		{2366BDA1-AA02-415D-85E2-30BFD10FD10C}.Debug|x86.ActiveCfg = Debug|Win32
		{2366BDA1-AA02-415D-85E2-30BFD10FD10C}.Debug|x86.Build.0 = Debug|Win32
		{2366BDA1-AA02-415D-85E2-30BFD10FD10C}.Release|x64.ActiveCfg = Release|x64
		{2366BDA1-AA02-415D-85E2-30BFD10FD10C}.Release|x64.Build.0 = Release|x64
		{2366BDA1-AA02-415D-85E2-30BFD10FD10C}.Release|x86.ActiveCfg = Release|Win32
		{2366BDA1-AA02-415D-85E2-30BFD10FD10C}.Release|x86.Build.0 = Release|Win32
	EndGlobalSection
	GlobalSection(SolutionProperties) = preSolution
		HideSolutionNode = FALSE
	EndGlobalSection
	GlobalSection(ExtensibilityGlobals) = postSolution
		SolutionGuid = {18A3CE65-F1C0-4C54-AA57-53B0E670D9BB}
	EndGlobalSection
EndGlobal
